
Microsoft Visual Studio Solution File, Format Version 12.00
# Visual Studio Version 17
VisualStudioVersion = 17.7.34202.233
MinimumVisualStudioVersion = 10.0.40219.1
Project("{FAE04EC0-301F-11D3-BF4B-00C04F79EFBC}") = "FilmesAPI", "FilmesAPI.csproj", "{6759153E-5EDC-4E9F-AAFE-419A4FCB8394}"
EndProject
Global
	GlobalSection(SolutionConfigurationPlatforms) = preSolution
		Debug|Any CPU = Debug|Any CPU
		Release|Any CPU = Release|Any CPU
	EndGlobalSection
	GlobalSection(ProjectConfigurationPlatforms) = postSolution
		{6759153E-5EDC-4E9F-AAFE-419A4FCB8394}.Debug|Any CPU.ActiveCfg = Debug|Any CPU
		{6759153E-5EDC-4E9F-AAFE-419A4FCB8394}.Debug|Any CPU.Build.0 = Debug|Any CPU
		{6759153E-5EDC-4E9F-AAFE-419A4FCB8394}.Release|Any CPU.ActiveCfg = Release|Any CPU
		{6759153E-5EDC-4E9F-AAFE-419A4FCB8394}.Release|Any CPU.Build.0 = Release|Any CPU
	EndGlobalSection
	GlobalSection(SolutionProperties) = preSolution
		HideSolutionNode = FALSE
	EndGlobalSection
	GlobalSection(ExtensibilityGlobals) = postSolution
		SolutionGuid = {4280C0D1-48DC-4309-AA98-14948CF87D58}
	EndGlobalSection
EndGlobal
